{
    "_readme": [
        "This file locks the dependencies of your project to a known state",
        "Read more about it at https://getcomposer.org/doc/01-basic-usage.md#installing-dependencies",
        "This file is @generated automatically"
    ],
    "content-hash": "a2691cbdd67b4b647dc6b25ea44fed79",
    "packages": [
        {
            "name": "ivanyankov/meta-fields-builder",
            "version": "v1.2.2",
            "source": {
                "type": "git",
                "url": "https://github.com/ivanyankov/meta-fields-builder.git",
                "reference": "1f65e3668983d6064e63041f62c5c18a40ef844a"
            },
            "dist": {
                "type": "zip",
                "url": "https://api.github.com/repos/ivanyankov/meta-fields-builder/zipball/1f65e3668983d6064e63041f62c5c18a40ef844a",
                "reference": "1f65e3668983d6064e63041f62c5c18a40ef844a",
                "shasum": ""
            },
            "require": {
                "php": ">=8.1"
            },
            "type": "library",
            "autoload": {
                "psr-4": {
                    "Yankov\\MetaFieldsBuilder\\": "src/"
                }
            },
            "notification-url": "https://packagist.org/downloads/",
            "license": [
                "GPL-2.0-or-later"
            ],
            "authors": [
                {
                    "name": "Ivan Yankov"
                }
            ],
            "description": "A robust, flexible, and easy-to-use PHP library to quickly create, register, and reuse meta fields and meta boxes configurations, and keep them in your source code repository.",
            "support": {
                "issues": "https://github.com/ivanyankov/meta-fields-builder/issues",
                "source": "https://github.com/ivanyankov/meta-fields-builder/tree/v1.2.2"
            },
            "time": "2026-03-09T12:50:46+00:00"
        }
    ],
    "packages-dev": [],
    "aliases": [],
    "minimum-stability": "stable",
    "stability-flags": {},
    "prefer-stable": false,
    "prefer-lowest": false,
    "platform": {
        "php": ">=7.4"
    },
    "platform-dev": {},
    "plugin-api-version": "2.6.0"
}
